<?xml version="1.0" encoding="utf-8"?>
<Project ToolsVersion="4.0" xmlns="http://schemas.microsoft.com/developer/msbuild/2003">
  <ItemGroup>
    <ClCompile Include="Render\Camera.cpp">
      <Filter>Render</Filter>
    </ClCompile>
    <ClCompile Include="Render\Render.cpp">
      <Filter>Render</Filter>
    </ClCompile>
    <ClCompile Include="Particle.cpp">
      <Filter>Particles</Filter>
    </ClCompile>
    <ClCompile Include="ParticleSystem.cpp">
      <Filter>Particles</Filter>
    </ClCompile>
    <ClCompile Include="callbacks.cpp">
      <Filter>Dunno lol</Filter>
    </ClCompile>
    <ClCompile Include="main.cpp">
      <Filter>Dunno lol</Filter>
    </ClCompile>
    <ClCompile Include="RenderUtils.cpp">
      <Filter>Dunno lol</Filter>
    </ClCompile>
    <ClCompile Include="SceneManager.cpp">
      <Filter>Dunno lol</Filter>
    </ClCompile>
    <ClCompile Include="Firework.cpp">
      <Filter>ParticleTypes</Filter>
    </ClCompile>
    <ClCompile Include="GaussianParticleGenerator.cpp">
      <Filter>Generators</Filter>
    </ClCompile>
    <ClCompile Include="UniformParticleGenerator.cpp">
      <Filter>Generators</Filter>
    </ClCompile>
    <ClCompile Include="Shooter.cpp">
      <Filter>Generators</Filter>
    </ClCompile>
    <ClCompile Include="ForceGenerator.cpp">
      <Filter>Forces</Filter>
    </ClCompile>
    <ClCompile Include="GravityForceGenerator.cpp">
      <Filter>Forces</Filter>
    </ClCompile>
    <ClCompile Include="ParticleForceRegistry.cpp">
      <Filter>Forces</Filter>
    </ClCompile>
    <ClCompile Include="ParticleDragGenerator.cpp">
      <Filter>Forces</Filter>
    </ClCompile>
  </ItemGroup>
  <ItemGroup>
    <ClInclude Include="Render\Camera.h">
      <Filter>Render</Filter>
    </ClInclude>
    <ClInclude Include="Render\Render.h">
      <Filter>Render</Filter>
    </ClInclude>
    <ClInclude Include="Particle.h">
      <Filter>Particles</Filter>
    </ClInclude>
    <ClInclude Include="ParticleSystem.h">
      <Filter>Particles</Filter>
    </ClInclude>
    <ClInclude Include="callbacks.hpp">
      <Filter>Dunno lol</Filter>
    </ClInclude>
    <ClInclude Include="core.hpp">
      <Filter>Dunno lol</Filter>
    </ClInclude>
    <ClInclude Include="RenderUtils.hpp">
      <Filter>Dunno lol</Filter>
    </ClInclude>
    <ClInclude Include="SceneManager.h">
      <Filter>Dunno lol</Filter>
    </ClInclude>
    <ClInclude Include="Firework.h">
      <Filter>ParticleTypes</Filter>
    </ClInclude>
    <ClInclude Include="GaussianParticleGenerator.h">
      <Filter>Generators</Filter>
    </ClInclude>
    <ClInclude Include="ParticleGenerator.h">
      <Filter>Generators</Filter>
    </ClInclude>
    <ClInclude Include="UniformParticleGenerator.h">
      <Filter>Generators</Filter>
    </ClInclude>
    <ClInclude Include="Shooter.h">
      <Filter>Generators</Filter>
    </ClInclude>
    <ClInclude Include="ForceGenerator.h">
      <Filter>Forces</Filter>
    </ClInclude>
    <ClInclude Include="ParticleForceRegistry.h">
      <Filter>Forces</Filter>
    </ClInclude>
    <ClInclude Include="GravityForceGenerator.h">
      <Filter>Forces</Filter>
    </ClInclude>
    <ClInclude Include="ParticleDragGenerator.h">
      <Filter>Forces</Filter>
    </ClInclude>
  </ItemGroup>
  <ItemGroup>
    <Filter Include="Render">
      <UniqueIdentifier>{d04b4f9f-5a69-465e-8070-25c6d0bcd3c2}</UniqueIdentifier>
    </Filter>
    <Filter Include="Particles">
      <UniqueIdentifier>{651d6ba9-a677-40b9-b9d8-7cb2d37c19d6}</UniqueIdentifier>
    </Filter>
    <Filter Include="Dunno lol">
      <UniqueIdentifier>{9282aa9b-b33a-4878-a52b-dd0e288fe541}</UniqueIdentifier>
    </Filter>
    <Filter Include="ParticleTypes">
      <UniqueIdentifier>{5ad1b54f-88a8-472c-af47-c4485a0c5973}</UniqueIdentifier>
    </Filter>
    <Filter Include="Forces">
      <UniqueIdentifier>{a1587827-2c8e-4767-b31d-cf5026e0990a}</UniqueIdentifier>
    </Filter>
    <Filter Include="Generators">
      <UniqueIdentifier>{11c572f1-6138-4e03-864f-0b65a297d964}</UniqueIdentifier>
    </Filter>
  </ItemGroup>
</Project>